// !$*UTF8*$!
{
	archiveVersion = 1;
	classes = {
	};
	objectVersion = 46;
	objects = {

/* Begin PBXBuildFile section */
		5878DA4B151B9A03003B758C /* UIKit.framework in Frameworks */ = {isa = PBXBuildFile; fileRef = 5878DA4A151B9A03003B758C /* UIKit.framework */; };
		5878DA4D151B9A03003B758C /* Foundation.framework in Frameworks */ = {isa = PBXBuildFile; fileRef = 5878DA4C151B9A03003B758C /* Foundation.framework */; };
		5878DA4F151B9A03003B758C /* CoreGraphics.framework in Frameworks */ = {isa = PBXBuildFile; fileRef = 5878DA4E151B9A03003B758C /* CoreGraphics.framework */; };
		5878DA55151B9A03003B758C /* InfoPlist.strings in Resources */ = {isa = PBXBuildFile; fileRef = 5878DA53151B9A03003B758C /* InfoPlist.strings */; };
		5878DA57151B9A03003B758C /* main.m in Sources */ = {isa = PBXBuildFile; fileRef = 5878DA56151B9A03003B758C /* main.m */; };
		5878DA5B151B9A03003B758C /* AppDelegate.m in Sources */ = {isa = PBXBuildFile; fileRef = 5878DA5A151B9A03003B758C /* AppDelegate.m */; };
		5878DA5E151B9A03003B758C /* ViewController.m in Sources */ = {isa = PBXBuildFile; fileRef = 5878DA5D151B9A03003B758C /* ViewController.m */; };
		5878DA61151B9A03003B758C /* ViewController.xib in Resources */ = {isa = PBXBuildFile; fileRef = 5878DA5F151B9A03003B758C /* ViewController.xib */; };
		9598E398151B9C5E000F1A36 /* Shape.m in Sources */ = {isa = PBXBuildFile; fileRef = 9598E397151B9C5E000F1A36 /* Shape.m */; };
		9598E39D151B9D35000F1A36 /* ShapeView.m in Sources */ = {isa = PBXBuildFile; fileRef = 9598E39C151B9D35000F1A36 /* ShapeView.m */; };
		9598E3A1151B9F77000F1A36 /* HKPoint.m in Sources */ = {isa = PBXBuildFile; fileRef = 9598E3A0151B9F77000F1A36 /* HKPoint.m */; };
		9598E3B3151BB437000F1A36 /* Gyroscopic.m in Sources */ = {isa = PBXBuildFile; fileRef = 9598E3B2151BB437000F1A36 /* Gyroscopic.m */; };
		9598E3B6151BB462000F1A36 /* CoreMotion.framework in Frameworks */ = {isa = PBXBuildFile; fileRef = 9598E3B5151BB461000F1A36 /* CoreMotion.framework */; };
/* End PBXBuildFile section */

/* Begin PBXFileReference section */
		5878DA46151B9A03003B758C /* MovingShapes.app */ = {isa = PBXFileReference; explicitFileType = wrapper.application; includeInIndex = 0; path = MovingShapes.app; sourceTree = BUILT_PRODUCTS_DIR; };
		5878DA4A151B9A03003B758C /* UIKit.framework */ = {isa = PBXFileReference; lastKnownFileType = wrapper.framework; name = UIKit.framework; path = System/Library/Frameworks/UIKit.framework; sourceTree = SDKROOT; };
		5878DA4C151B9A03003B758C /* Foundation.framework */ = {isa = PBXFileReference; lastKnownFileType = wrapper.framework; name = Foundation.framework; path = System/Library/Frameworks/Foundation.framework; sourceTree = SDKROOT; };
		5878DA4E151B9A03003B758C /* CoreGraphics.framework */ = {isa = PBXFileReference; lastKnownFileType = wrapper.framework; name = CoreGraphics.framework; path = System/Library/Frameworks/CoreGraphics.framework; sourceTree = SDKROOT; };
		5878DA52151B9A03003B758C /* MovingShapes-Info.plist */ = {isa = PBXFileReference; lastKnownFileType = text.plist.xml; path = "MovingShapes-Info.plist"; sourceTree = "<group>"; };
		5878DA54151B9A03003B758C /* en */ = {isa = PBXFileReference; lastKnownFileType = text.plist.strings; name = en; path = en.lproj/InfoPlist.strings; sourceTree = "<group>"; };
		5878DA56151B9A03003B758C /* main.m */ = {isa = PBXFileReference; lastKnownFileType = sourcecode.c.objc; path = main.m; sourceTree = "<group>"; };
		5878DA58151B9A03003B758C /* MovingShapes-Prefix.pch */ = {isa = PBXFileReference; lastKnownFileType = sourcecode.c.h; path = "MovingShapes-Prefix.pch"; sourceTree = "<group>"; };
		5878DA59151B9A03003B758C /* AppDelegate.h */ = {isa = PBXFileReference; lastKnownFileType = sourcecode.c.h; path = AppDelegate.h; sourceTree = "<group>"; };
		5878DA5A151B9A03003B758C /* AppDelegate.m */ = {isa = PBXFileReference; lastKnownFileType = sourcecode.c.objc; path = AppDelegate.m; sourceTree = "<group>"; };
		5878DA5C151B9A03003B758C /* ViewController.h */ = {isa = PBXFileReference; lastKnownFileType = sourcecode.c.h; path = ViewController.h; sourceTree = "<group>"; };
		5878DA5D151B9A03003B758C /* ViewController.m */ = {isa = PBXFileReference; lastKnownFileType = sourcecode.c.objc; path = ViewController.m; sourceTree = "<group>"; };
		5878DA60151B9A03003B758C /* en */ = {isa = PBXFileReference; lastKnownFileType = file.xib; name = en; path = en.lproj/ViewController.xib; sourceTree = "<group>"; };
		9598E396151B9C5E000F1A36 /* Shape.h */ = {isa = PBXFileReference; fileEncoding = 4; lastKnownFileType = sourcecode.c.h; path = Shape.h; sourceTree = "<group>"; };
		9598E397151B9C5E000F1A36 /* Shape.m */ = {isa = PBXFileReference; fileEncoding = 4; lastKnownFileType = sourcecode.c.objc; path = Shape.m; sourceTree = "<group>"; };
		9598E39B151B9D35000F1A36 /* ShapeView.h */ = {isa = PBXFileReference; fileEncoding = 4; lastKnownFileType = sourcecode.c.h; path = ShapeView.h; sourceTree = "<group>"; };
		9598E39C151B9D35000F1A36 /* ShapeView.m */ = {isa = PBXFileReference; fileEncoding = 4; lastKnownFileType = sourcecode.c.objc; path = ShapeView.m; sourceTree = "<group>"; };
		9598E39F151B9F77000F1A36 /* HKPoint.h */ = {isa = PBXFileReference; fileEncoding = 4; lastKnownFileType = sourcecode.c.h; path = HKPoint.h; sourceTree = "<group>"; };
		9598E3A0151B9F77000F1A36 /* HKPoint.m */ = {isa = PBXFileReference; fileEncoding = 4; lastKnownFileType = sourcecode.c.objc; path = HKPoint.m; sourceTree = "<group>"; };
		9598E3B1151BB437000F1A36 /* Gyroscopic.h */ = {isa = PBXFileReference; fileEncoding = 4; lastKnownFileType = sourcecode.c.h; path = Gyroscopic.h; sourceTree = "<group>"; };
		9598E3B2151BB437000F1A36 /* Gyroscopic.m */ = {isa = PBXFileReference; fileEncoding = 4; lastKnownFileType = sourcecode.c.objc; path = Gyroscopic.m; sourceTree = "<group>"; };
		9598E3B5151BB461000F1A36 /* CoreMotion.framework */ = {isa = PBXFileReference; lastKnownFileType = wrapper.framework; name = CoreMotion.framework; path = System/Library/Frameworks/CoreMotion.framework; sourceTree = SDKROOT; };
/* End PBXFileReference section */

/* Begin PBXFrameworksBuildPhase section */
		5878DA43151B9A03003B758C /* Frameworks */ = {
			isa = PBXFrameworksBuildPhase;
			buildActionMask = 2147483647;
			files = (
				9598E3B6151BB462000F1A36 /* CoreMotion.framework in Frameworks */,
				5878DA4B151B9A03003B758C /* UIKit.framework in Frameworks */,
				5878DA4D151B9A03003B758C /* Foundation.framework in Frameworks */,
				5878DA4F151B9A03003B758C /* CoreGraphics.framework in Frameworks */,
			);
			runOnlyForDeploymentPostprocessing = 0;
		};
/* End PBXFrameworksBuildPhase section */

/* Begin PBXGroup section */
		5878DA3B151B9A03003B758C = {
			isa = PBXGroup;
			children = (
				5878DA50151B9A03003B758C /* MovingShapes */,
				5878DA49151B9A03003B758C /* Frameworks */,
				5878DA47151B9A03003B758C /* Products */,
			);
			sourceTree = "<group>";
		};
		5878DA47151B9A03003B758C /* Products */ = {
			isa = PBXGroup;
			children = (
				5878DA46151B9A03003B758C /* MovingShapes.app */,
			);
			name = Products;
			sourceTree = "<group>";
		};
		5878DA49151B9A03003B758C /* Frameworks */ = {
			isa = PBXGroup;
			children = (
				9598E3B5151BB461000F1A36 /* CoreMotion.framework */,
				5878DA4A151B9A03003B758C /* UIKit.framework */,
				5878DA4C151B9A03003B758C /* Foundation.framework */,
				5878DA4E151B9A03003B758C /* CoreGraphics.framework */,
			);
			name = Frameworks;
			sourceTree = "<group>";
		};
		5878DA50151B9A03003B758C /* MovingShapes */ = {
			isa = PBXGroup;
			children = (
				5878DA59151B9A03003B758C /* AppDelegate.h */,
				5878DA5A151B9A03003B758C /* AppDelegate.m */,
				5878DA5C151B9A03003B758C /* ViewController.h */,
				5878DA5D151B9A03003B758C /* ViewController.m */,
				5878DA5F151B9A03003B758C /* ViewController.xib */,
				9598E39E151B9D39000F1A36 /* Views */,
				9598E39A151B9CA2000F1A36 /* Model */,
				5878DA51151B9A03003B758C /* Supporting Files */,
			);
			path = MovingShapes;
			sourceTree = "<group>";
		};
		5878DA51151B9A03003B758C /* Supporting Files */ = {
			isa = PBXGroup;
			children = (
				5878DA52151B9A03003B758C /* MovingShapes-Info.plist */,
				5878DA53151B9A03003B758C /* InfoPlist.strings */,
				5878DA56151B9A03003B758C /* main.m */,
				5878DA58151B9A03003B758C /* MovingShapes-Prefix.pch */,
			);
			name = "Supporting Files";
			sourceTree = "<group>";
		};
		9598E39A151B9CA2000F1A36 /* Model */ = {
			isa = PBXGroup;
			children = (
				9598E3B1151BB437000F1A36 /* Gyroscopic.h */,
				9598E3B2151BB437000F1A36 /* Gyroscopic.m */,
				9598E39F151B9F77000F1A36 /* HKPoint.h */,
				9598E3A0151B9F77000F1A36 /* HKPoint.m */,
				9598E396151B9C5E000F1A36 /* Shape.h */,
				9598E397151B9C5E000F1A36 /* Shape.m */,
			);
			name = Model;
			sourceTree = "<group>";
		};
		9598E39E151B9D39000F1A36 /* Views */ = {
			isa = PBXGroup;
			children = (
				9598E39B151B9D35000F1A36 /* ShapeView.h */,
				9598E39C151B9D35000F1A36 /* ShapeView.m */,
			);
			name = Views;
			sourceTree = "<group>";
		};
/* End PBXGroup section */

/* Begin PBXNativeTarget section */
		5878DA45151B9A03003B758C /* MovingShapes */ = {
			isa = PBXNativeTarget;
			buildConfigurationList = 5878DA64151B9A03003B758C /* Build configuration list for PBXNativeTarget "MovingShapes" */;
			buildPhases = (
				5878DA42151B9A03003B758C /* Sources */,
				5878DA43151B9A03003B758C /* Frameworks */,
				5878DA44151B9A03003B758C /* Resources */,
			);
			buildRules = (
			);
			dependencies = (
			);
			name = MovingShapes;
			productName = MovingShapes;
			productReference = 5878DA46151B9A03003B758C /* MovingShapes.app */;
			productType = "com.apple.product-type.application";
		};
/* End PBXNativeTarget section */

/* Begin PBXProject section */
		5878DA3D151B9A03003B758C /* Project object */ = {
			isa = PBXProject;
			attributes = {
				LastUpgradeCheck = 0510;
			};
			buildConfigurationList = 5878DA40151B9A03003B758C /* Build configuration list for PBXProject "MovingShapes" */;
			compatibilityVersion = "Xcode 3.2";
			developmentRegion = English;
			hasScannedForEncodings = 0;
			knownRegions = (
				en,
			);
			mainGroup = 5878DA3B151B9A03003B758C;
			productRefGroup = 5878DA47151B9A03003B758C /* Products */;
			projectDirPath = "";
			projectRoot = "";
			targets = (
				5878DA45151B9A03003B758C /* MovingShapes */,
			);
		};
/* End PBXProject section */

/* Begin PBXResourcesBuildPhase section */
		5878DA44151B9A03003B758C /* Resources */ = {
			isa = PBXResourcesBuildPhase;
			buildActionMask = 2147483647;
			files = (
				5878DA55151B9A03003B758C /* InfoPlist.strings in Resources */,
				5878DA61151B9A03003B758C /* ViewController.xib in Resources */,
			);
			runOnlyForDeploymentPostprocessing = 0;
		};
/* End PBXResourcesBuildPhase section */

/* Begin PBXSourcesBuildPhase section */
		5878DA42151B9A03003B758C /* Sources */ = {
			isa = PBXSourcesBuildPhase;
			buildActionMask = 2147483647;
			files = (
				5878DA57151B9A03003B758C /* main.m in Sources */,
				5878DA5B151B9A03003B758C /* AppDelegate.m in Sources */,
				5878DA5E151B9A03003B758C /* ViewController.m in Sources */,
				9598E398151B9C5E000F1A36 /* Shape.m in Sources */,
				9598E39D151B9D35000F1A36 /* ShapeView.m in Sources */,
				9598E3A1151B9F77000F1A36 /* HKPoint.m in Sources */,
				9598E3B3151BB437000F1A36 /* Gyroscopic.m in Sources */,
			);
			runOnlyForDeploymentPostprocessing = 0;
		};
/* End PBXSourcesBuildPhase section */

/* Begin PBXVariantGroup section */
		5878DA53151B9A03003B758C /* InfoPlist.strings */ = {
			isa = PBXVariantGroup;
			children = (
				5878DA54151B9A03003B758C /* en */,
			);
			name = InfoPlist.strings;
			sourceTree = "<group>";
		};
		5878DA5F151B9A03003B758C /* ViewController.xib */ = {
			isa = PBXVariantGroup;
			children = (
				5878DA60151B9A03003B758C /* en */,
			);
			name = ViewController.xib;
			sourceTree = "<group>";
		};
/* End PBXVariantGroup section */

/* Begin XCBuildConfiguration section */
		5878DA62151B9A03003B758C /* Debug */ = {
			isa = XCBuildConfiguration;
			buildSettings = {
				ALWAYS_SEARCH_USER_PATHS = NO;
				CLANG_ENABLE_OBJC_ARC = YES;
				CLANG_WARN_BOOL_CONVERSION = YES;
				CLANG_WARN_CONSTANT_CONVERSION = YES;
				CLANG_WARN_EMPTY_BODY = YES;
				CLANG_WARN_ENUM_CONVERSION = YES;
				CLANG_WARN_INT_CONVERSION = YES;
				CLANG_WARN__DUPLICATE_METHOD_MATCH = YES;
				"CODE_SIGN_IDENTITY[sdk=iphoneos*]" = "iPhone Developer";
				COPY_PHASE_STRIP = NO;
				GCC_C_LANGUAGE_STANDARD = gnu99;
				GCC_DYNAMIC_NO_PIC = NO;
				GCC_OPTIMIZATION_LEVEL = 0;
				GCC_PREPROCESSOR_DEFINITIONS = (
					"DEBUG=1",
					"$(inherited)",
				);
				GCC_SYMBOLS_PRIVATE_EXTERN = NO;
				GCC_VERSION = com.apple.compilers.llvm.clang.1_0;
				GCC_WARN_64_TO_32_BIT_CONVERSION = YES;
				GCC_WARN_ABOUT_MISSING_PROTOTYPES = YES;
				GCC_WARN_ABOUT_RETURN_TYPE = YES;
				GCC_WARN_UNDECLARED_SELECTOR = YES;
				GCC_WARN_UNINITIALIZED_AUTOS = YES;
				GCC_WARN_UNUSED_FUNCTION = YES;
				GCC_WARN_UNUSED_VARIABLE = YES;
				IPHONEOS_DEPLOYMENT_TARGET = 5.0;
				ONLY_ACTIVE_ARCH = YES;
				"PROVISIONING_PROFILE[sdk=iphoneos*]" = "";
				SDKROOT = iphoneos;
			};
			name = Debug;
		};
		5878DA63151B9A03003B758C /* Release */ = {
			isa = XCBuildConfiguration;
			buildSettings = {
				ALWAYS_SEARCH_USER_PATHS = NO;
				CLANG_ENABLE_OBJC_ARC = YES;
				CLANG_WARN_BOOL_CONVERSION = YES;
				CLANG_WARN_CONSTANT_CONVERSION = YES;
				CLANG_WARN_EMPTY_BODY = YES;
				CLANG_WARN_ENUM_CONVERSION = YES;
				CLANG_WARN_INT_CONVERSION = YES;
				CLANG_WARN__DUPLICATE_METHOD_MATCH = YES;
				"CODE_SIGN_IDENTITY[sdk=iphoneos*]" = "iPhone Developer";
				COPY_PHASE_STRIP = YES;
				GCC_C_LANGUAGE_STANDARD = gnu99;
				GCC_VERSION = com.apple.compilers.llvm.clang.1_0;
				GCC_WARN_64_TO_32_BIT_CONVERSION = YES;
				GCC_WARN_ABOUT_MISSING_PROTOTYPES = YES;
				GCC_WARN_ABOUT_RETURN_TYPE = YES;
				GCC_WARN_UNDECLARED_SELECTOR = YES;
				GCC_WARN_UNINITIALIZED_AUTOS = YES;
				GCC_WARN_UNUSED_FUNCTION = YES;
				GCC_WARN_UNUSED_VARIABLE = YES;
				IPHONEOS_DEPLOYMENT_TARGET = 5.0;
				OTHER_CFLAGS = "-DNS_BLOCK_ASSERTIONS=1";
				SDKROOT = iphoneos;
				VALIDATE_PRODUCT = YES;
			};
			name = Release;
		};
		5878DA65151B9A03003B758C /* Debug */ = {
			isa = XCBuildConfiguration;
			buildSettings = {
				GCC_PRECOMPILE_PREFIX_HEADER = YES;
				GCC_PREFIX_HEADER = "MovingShapes/MovingShapes-Prefix.pch";
				INFOPLIST_FILE = "MovingShapes/MovingShapes-Info.plist";
				IPHONEOS_DEPLOYMENT_TARGET = 5.0;
				PRODUCT_NAME = "$(TARGET_NAME)";
				TARGETED_DEVICE_FAMILY = "1,2";
				WRAPPER_EXTENSION = app;
			};
			name = Debug;
		};
		5878DA66151B9A03003B758C /* Release */ = {
			isa = XCBuildConfiguration;
			buildSettings = {
				GCC_PRECOMPILE_PREFIX_HEADER = YES;
				GCC_PREFIX_HEADER = "MovingShapes/MovingShapes-Prefix.pch";
				INFOPLIST_FILE = "MovingShapes/MovingShapes-Info.plist";
				IPHONEOS_DEPLOYMENT_TARGET = 5.0;
				PRODUCT_NAME = "$(TARGET_NAME)";
				TARGETED_DEVICE_FAMILY = "1,2";
				WRAPPER_EXTENSION = app;
			};
			name = Release;
		};
/* End XCBuildConfiguration section */

/* Begin XCConfigurationList section */
		5878DA40151B9A03003B758C /* Build configuration list for PBXProject "MovingShapes" */ = {
			isa = XCConfigurationList;
			buildConfigurations = (
				5878DA62151B9A03003B758C /* Debug */,
				5878DA63151B9A03003B758C /* Release */,
			);
			defaultConfigurationIsVisible = 0;
			defaultConfigurationName = Release;
		};
		5878DA64151B9A03003B758C /* Build configuration list for PBXNativeTarget "MovingShapes" */ = {
			isa = XCConfigurationList;
			buildConfigurations = (
				5878DA65151B9A03003B758C /* Debug */,
				5878DA66151B9A03003B758C /* Release */,
			);
			defaultConfigurationIsVisible = 0;
			defaultConfigurationName = Release;
		};
/* End XCConfigurationList section */
	};
	rootObject = 5878DA3D151B9A03003B758C /* Project object */;
}
